
Microsoft Visual Studio Solution File, Format Version 12.00
# Visual Studio 15
VisualStudioVersion = 15.0.26730.10
MinimumVisualStudioVersion = 10.0.40219.1
Project("{F2A71F9B-5D33-465A-A702-920D77279786}") = "MusicRoom", "MusicRoom\MusicRoom.fsproj", "{386973F7-0FA0-4B9E-8415-5A551DB0842B}"
EndProject
Project("{F2A71F9B-5D33-465A-A702-920D77279786}") = "MusicRoom.Android", "MusicRoom.Android\MusicRoom.Android.fsproj", "{CAA2221F-F12D-471D-80D9-F973F4D4173E}"
EndProject
Project("{F2A71F9B-5D33-465A-A702-920D77279786}") = "MusicRoom.iOS", "MusicRoom.iOS\MusicRoom.iOS.fsproj", "{F08C78A9-0DE2-4E24-BAAB-809C5FA9CE58}"
EndProject
Project("{F2A71F9B-5D33-465A-A702-920D77279786}") = "MusicRoom.API", "MusicRoom.API\MusicRoom.API.fsproj", "{749A68C8-A0EC-41D8-A166-48494FE497ED}"
EndProject
Project("{F2A71F9B-5D33-465A-A702-920D77279786}") = "MusicRoom.API.Tests", "MusicRoom.API.Tests\MusicRoom.API.Tests.fsproj", "{D938670E-D7D1-421F-96E2-F7381C80E74E}"
EndProject
Global
	GlobalSection(SolutionConfigurationPlatforms) = preSolution
		Ad-Hoc|Any CPU = Ad-Hoc|Any CPU
		Ad-Hoc|ARM = Ad-Hoc|ARM
		Ad-Hoc|iPhone = Ad-Hoc|iPhone
		Ad-Hoc|iPhoneSimulator = Ad-Hoc|iPhoneSimulator
		Ad-Hoc|x64 = Ad-Hoc|x64
		Ad-Hoc|x86 = Ad-Hoc|x86
		AppStore|Any CPU = AppStore|Any CPU
		AppStore|ARM = AppStore|ARM
		AppStore|iPhone = AppStore|iPhone
		AppStore|iPhoneSimulator = AppStore|iPhoneSimulator
		AppStore|x64 = AppStore|x64
		AppStore|x86 = AppStore|x86
		Debug|Any CPU = Debug|Any CPU
		Debug|ARM = Debug|ARM
		Debug|iPhone = Debug|iPhone
		Debug|iPhoneSimulator = Debug|iPhoneSimulator
		Debug|x64 = Debug|x64
		Debug|x86 = Debug|x86
		Release|Any CPU = Release|Any CPU
		Release|ARM = Release|ARM
		Release|iPhone = Release|iPhone
		Release|iPhoneSimulator = Release|iPhoneSimulator
		Release|x64 = Release|x64
		Release|x86 = Release|x86
	EndGlobalSection
	GlobalSection(ProjectConfigurationPlatforms) = postSolution
		{386973F7-0FA0-4B9E-8415-5A551DB0842B}.Ad-Hoc|Any CPU.ActiveCfg = Debug|Any CPU
		{386973F7-0FA0-4B9E-8415-5A551DB0842B}.Ad-Hoc|Any CPU.Build.0 = Debug|Any CPU
		{386973F7-0FA0-4B9E-8415-5A551DB0842B}.Ad-Hoc|ARM.ActiveCfg = Debug|Any CPU
		{386973F7-0FA0-4B9E-8415-5A551DB0842B}.Ad-Hoc|ARM.Build.0 = Debug|Any CPU
		{386973F7-0FA0-4B9E-8415-5A551DB0842B}.Ad-Hoc|iPhone.ActiveCfg = Debug|Any CPU
		{386973F7-0FA0-4B9E-8415-5A551DB0842B}.Ad-Hoc|iPhone.Build.0 = Debug|Any CPU
		{386973F7-0FA0-4B9E-8415-5A551DB0842B}.Ad-Hoc|iPhoneSimulator.ActiveCfg = Debug|Any CPU
		{386973F7-0FA0-4B9E-8415-5A551DB0842B}.Ad-Hoc|iPhoneSimulator.Build.0 = Debug|Any CPU
		{386973F7-0FA0-4B9E-8415-5A551DB0842B}.Ad-Hoc|x64.ActiveCfg = Debug|Any CPU
		{386973F7-0FA0-4B9E-8415-5A551DB0842B}.Ad-Hoc|x64.Build.0 = Debug|Any CPU
		{386973F7-0FA0-4B9E-8415-5A551DB0842B}.Ad-Hoc|x86.ActiveCfg = Debug|Any CPU
		{386973F7-0FA0-4B9E-8415-5A551DB0842B}.Ad-Hoc|x86.Build.0 = Debug|Any CPU
		{386973F7-0FA0-4B9E-8415-5A551DB0842B}.AppStore|Any CPU.ActiveCfg = Debug|Any CPU
		{386973F7-0FA0-4B9E-8415-5A551DB0842B}.AppStore|Any CPU.Build.0 = Debug|Any CPU
		{386973F7-0FA0-4B9E-8415-5A551DB0842B}.AppStore|ARM.ActiveCfg = Debug|Any CPU
		{386973F7-0FA0-4B9E-8415-5A551DB0842B}.AppStore|ARM.Build.0 = Debug|Any CPU
		{386973F7-0FA0-4B9E-8415-5A551DB0842B}.AppStore|iPhone.ActiveCfg = Debug|Any CPU
		{386973F7-0FA0-4B9E-8415-5A551DB0842B}.AppStore|iPhone.Build.0 = Debug|Any CPU
		{386973F7-0FA0-4B9E-8415-5A551DB0842B}.AppStore|iPhoneSimulator.ActiveCfg = Debug|Any CPU
		{386973F7-0FA0-4B9E-8415-5A551DB0842B}.AppStore|iPhoneSimulator.Build.0 = Debug|Any CPU
		{386973F7-0FA0-4B9E-8415-5A551DB0842B}.AppStore|x64.ActiveCfg = Debug|Any CPU
		{386973F7-0FA0-4B9E-8415-5A551DB0842B}.AppStore|x64.Build.0 = Debug|Any CPU
		{386973F7-0FA0-4B9E-8415-5A551DB0842B}.AppStore|x86.ActiveCfg = Debug|Any CPU
		{386973F7-0FA0-4B9E-8415-5A551DB0842B}.AppStore|x86.Build.0 = Debug|Any CPU
		{386973F7-0FA0-4B9E-8415-5A551DB0842B}.Debug|Any CPU.ActiveCfg = Debug|Any CPU
		{386973F7-0FA0-4B9E-8415-5A551DB0842B}.Debug|Any CPU.Build.0 = Debug|Any CPU
		{386973F7-0FA0-4B9E-8415-5A551DB0842B}.Debug|ARM.ActiveCfg = Debug|Any CPU
		{386973F7-0FA0-4B9E-8415-5A551DB0842B}.Debug|ARM.Build.0 = Debug|Any CPU
		{386973F7-0FA0-4B9E-8415-5A551DB0842B}.Debug|iPhone.ActiveCfg = Debug|Any CPU
		{386973F7-0FA0-4B9E-8415-5A551DB0842B}.Debug|iPhone.Build.0 = Debug|Any CPU
		{386973F7-0FA0-4B9E-8415-5A551DB0842B}.Debug|iPhoneSimulator.ActiveCfg = Debug|Any CPU
		{386973F7-0FA0-4B9E-8415-5A551DB0842B}.Debug|iPhoneSimulator.Build.0 = Debug|Any CPU
		{386973F7-0FA0-4B9E-8415-5A551DB0842B}.Debug|x64.ActiveCfg = Debug|Any CPU
		{386973F7-0FA0-4B9E-8415-5A551DB0842B}.Debug|x64.Build.0 = Debug|Any CPU
		{386973F7-0FA0-4B9E-8415-5A551DB0842B}.Debug|x86.ActiveCfg = Debug|Any CPU
		{386973F7-0FA0-4B9E-8415-5A551DB0842B}.Debug|x86.Build.0 = Debug|Any CPU
		{386973F7-0FA0-4B9E-8415-5A551DB0842B}.Release|Any CPU.ActiveCfg = Release|Any CPU
		{386973F7-0FA0-4B9E-8415-5A551DB0842B}.Release|Any CPU.Build.0 = Release|Any CPU
		{386973F7-0FA0-4B9E-8415-5A551DB0842B}.Release|ARM.ActiveCfg = Release|Any CPU
		{386973F7-0FA0-4B9E-8415-5A551DB0842B}.Release|ARM.Build.0 = Release|Any CPU
		{386973F7-0FA0-4B9E-8415-5A551DB0842B}.Release|iPhone.ActiveCfg = Release|Any CPU
		{386973F7-0FA0-4B9E-8415-5A551DB0842B}.Release|iPhone.Build.0 = Release|Any CPU
		{386973F7-0FA0-4B9E-8415-5A551DB0842B}.Release|iPhoneSimulator.ActiveCfg = Release|Any CPU
		{386973F7-0FA0-4B9E-8415-5A551DB0842B}.Release|iPhoneSimulator.Build.0 = Release|Any CPU
		{386973F7-0FA0-4B9E-8415-5A551DB0842B}.Release|x64.ActiveCfg = Release|Any CPU
		{386973F7-0FA0-4B9E-8415-5A551DB0842B}.Release|x64.Build.0 = Release|Any CPU
		{386973F7-0FA0-4B9E-8415-5A551DB0842B}.Release|x86.ActiveCfg = Release|Any CPU
		{386973F7-0FA0-4B9E-8415-5A551DB0842B}.Release|x86.Build.0 = Release|Any CPU
		{F08C78A9-0DE2-4E24-BAAB-809C5FA9CE58}.Ad-Hoc|Any CPU.ActiveCfg = Ad-Hoc|iPhone
		{F08C78A9-0DE2-4E24-BAAB-809C5FA9CE58}.Ad-Hoc|ARM.ActiveCfg = Ad-Hoc|iPhone
		{F08C78A9-0DE2-4E24-BAAB-809C5FA9CE58}.Ad-Hoc|iPhone.ActiveCfg = Ad-Hoc|iPhone
		{F08C78A9-0DE2-4E24-BAAB-809C5FA9CE58}.Ad-Hoc|iPhone.Build.0 = Ad-Hoc|iPhone
		{F08C78A9-0DE2-4E24-BAAB-809C5FA9CE58}.Ad-Hoc|iPhoneSimulator.ActiveCfg = Ad-Hoc|iPhoneSimulator
		{F08C78A9-0DE2-4E24-BAAB-809C5FA9CE58}.Ad-Hoc|iPhoneSimulator.Build.0 = Ad-Hoc|iPhoneSimulator
		{F08C78A9-0DE2-4E24-BAAB-809C5FA9CE58}.Ad-Hoc|x64.ActiveCfg = Ad-Hoc|iPhone
		{F08C78A9-0DE2-4E24-BAAB-809C5FA9CE58}.Ad-Hoc|x86.ActiveCfg = Ad-Hoc|iPhone
		{F08C78A9-0DE2-4E24-BAAB-809C5FA9CE58}.AppStore|Any CPU.ActiveCfg = AppStore|iPhone
		{F08C78A9-0DE2-4E24-BAAB-809C5FA9CE58}.AppStore|ARM.ActiveCfg = AppStore|iPhone
		{F08C78A9-0DE2-4E24-BAAB-809C5FA9CE58}.AppStore|iPhone.ActiveCfg = AppStore|iPhone
		{F08C78A9-0DE2-4E24-BAAB-809C5FA9CE58}.AppStore|iPhone.Build.0 = AppStore|iPhone
		{F08C78A9-0DE2-4E24-BAAB-809C5FA9CE58}.AppStore|iPhoneSimulator.ActiveCfg = AppStore|iPhoneSimulator
		{F08C78A9-0DE2-4E24-BAAB-809C5FA9CE58}.AppStore|iPhoneSimulator.Build.0 = AppStore|iPhoneSimulator
		{F08C78A9-0DE2-4E24-BAAB-809C5FA9CE58}.AppStore|x64.ActiveCfg = AppStore|iPhone
		{F08C78A9-0DE2-4E24-BAAB-809C5FA9CE58}.AppStore|x86.ActiveCfg = AppStore|iPhone
		{F08C78A9-0DE2-4E24-BAAB-809C5FA9CE58}.Debug|Any CPU.ActiveCfg = Debug|iPhone
		{F08C78A9-0DE2-4E24-BAAB-809C5FA9CE58}.Debug|ARM.ActiveCfg = Debug|iPhone
		{F08C78A9-0DE2-4E24-BAAB-809C5FA9CE58}.Debug|iPhone.ActiveCfg = Debug|iPhone
		{F08C78A9-0DE2-4E24-BAAB-809C5FA9CE58}.Debug|iPhone.Build.0 = Debug|iPhone
		{F08C78A9-0DE2-4E24-BAAB-809C5FA9CE58}.Debug|iPhoneSimulator.ActiveCfg = Debug|iPhoneSimulator
		{F08C78A9-0DE2-4E24-BAAB-809C5FA9CE58}.Debug|iPhoneSimulator.Build.0 = Debug|iPhoneSimulator
		{F08C78A9-0DE2-4E24-BAAB-809C5FA9CE58}.Debug|x64.ActiveCfg = Debug|iPhone
		{F08C78A9-0DE2-4E24-BAAB-809C5FA9CE58}.Debug|x86.ActiveCfg = Debug|iPhone
		{F08C78A9-0DE2-4E24-BAAB-809C5FA9CE58}.Release|Any CPU.ActiveCfg = Release|iPhone
		{F08C78A9-0DE2-4E24-BAAB-809C5FA9CE58}.Release|ARM.ActiveCfg = Release|iPhone
		{F08C78A9-0DE2-4E24-BAAB-809C5FA9CE58}.Release|iPhone.ActiveCfg = Release|iPhone
		{F08C78A9-0DE2-4E24-BAAB-809C5FA9CE58}.Release|iPhone.Build.0 = Release|iPhone
		{F08C78A9-0DE2-4E24-BAAB-809C5FA9CE58}.Release|iPhoneSimulator.ActiveCfg = Release|iPhoneSimulator
		{F08C78A9-0DE2-4E24-BAAB-809C5FA9CE58}.Release|iPhoneSimulator.Build.0 = Release|iPhoneSimulator
		{F08C78A9-0DE2-4E24-BAAB-809C5FA9CE58}.Release|x64.ActiveCfg = Release|iPhone
		{F08C78A9-0DE2-4E24-BAAB-809C5FA9CE58}.Release|x86.ActiveCfg = Release|iPhone
		{AB5F2F47-C0DF-4269-AD08-66A353C3646C}.Ad-Hoc|Any CPU.ActiveCfg = Release|x86
		{AB5F2F47-C0DF-4269-AD08-66A353C3646C}.Ad-Hoc|Any CPU.Build.0 = Release|x86
		{AB5F2F47-C0DF-4269-AD08-66A353C3646C}.Ad-Hoc|Any CPU.Deploy.0 = Release|x86
		{AB5F2F47-C0DF-4269-AD08-66A353C3646C}.Ad-Hoc|ARM.ActiveCfg = Release|ARM
		{AB5F2F47-C0DF-4269-AD08-66A353C3646C}.Ad-Hoc|ARM.Build.0 = Release|ARM
		{AB5F2F47-C0DF-4269-AD08-66A353C3646C}.Ad-Hoc|ARM.Deploy.0 = Release|ARM
		{AB5F2F47-C0DF-4269-AD08-66A353C3646C}.Ad-Hoc|iPhone.ActiveCfg = Release|x86
		{AB5F2F47-C0DF-4269-AD08-66A353C3646C}.Ad-Hoc|iPhone.Build.0 = Release|x86
		{AB5F2F47-C0DF-4269-AD08-66A353C3646C}.Ad-Hoc|iPhone.Deploy.0 = Release|x86
		{AB5F2F47-C0DF-4269-AD08-66A353C3646C}.Ad-Hoc|iPhoneSimulator.ActiveCfg = Release|x86
		{AB5F2F47-C0DF-4269-AD08-66A353C3646C}.Ad-Hoc|iPhoneSimulator.Build.0 = Release|x86
		{AB5F2F47-C0DF-4269-AD08-66A353C3646C}.Ad-Hoc|iPhoneSimulator.Deploy.0 = Release|x86
		{AB5F2F47-C0DF-4269-AD08-66A353C3646C}.Ad-Hoc|x64.ActiveCfg = Release|x64
		{AB5F2F47-C0DF-4269-AD08-66A353C3646C}.Ad-Hoc|x64.Build.0 = Release|x64
		{AB5F2F47-C0DF-4269-AD08-66A353C3646C}.Ad-Hoc|x64.Deploy.0 = Release|x64
		{AB5F2F47-C0DF-4269-AD08-66A353C3646C}.Ad-Hoc|x86.ActiveCfg = Release|x86
		{AB5F2F47-C0DF-4269-AD08-66A353C3646C}.Ad-Hoc|x86.Build.0 = Release|x86
		{AB5F2F47-C0DF-4269-AD08-66A353C3646C}.Ad-Hoc|x86.Deploy.0 = Release|x86
		{AB5F2F47-C0DF-4269-AD08-66A353C3646C}.AppStore|Any CPU.ActiveCfg = Release|x86
		{AB5F2F47-C0DF-4269-AD08-66A353C3646C}.AppStore|Any CPU.Build.0 = Release|x86
		{AB5F2F47-C0DF-4269-AD08-66A353C3646C}.AppStore|Any CPU.Deploy.0 = Release|x86
		{AB5F2F47-C0DF-4269-AD08-66A353C3646C}.AppStore|ARM.ActiveCfg = Release|ARM
		{AB5F2F47-C0DF-4269-AD08-66A353C3646C}.AppStore|ARM.Build.0 = Release|ARM
		{AB5F2F47-C0DF-4269-AD08-66A353C3646C}.AppStore|ARM.Deploy.0 = Release|ARM
		{AB5F2F47-C0DF-4269-AD08-66A353C3646C}.AppStore|iPhone.ActiveCfg = Release|x86
		{AB5F2F47-C0DF-4269-AD08-66A353C3646C}.AppStore|iPhone.Build.0 = Release|x86
		{AB5F2F47-C0DF-4269-AD08-66A353C3646C}.AppStore|iPhone.Deploy.0 = Release|x86
		{AB5F2F47-C0DF-4269-AD08-66A353C3646C}.AppStore|iPhoneSimulator.ActiveCfg = Release|x86
		{AB5F2F47-C0DF-4269-AD08-66A353C3646C}.AppStore|iPhoneSimulator.Build.0 = Release|x86
		{AB5F2F47-C0DF-4269-AD08-66A353C3646C}.AppStore|iPhoneSimulator.Deploy.0 = Release|x86
		{AB5F2F47-C0DF-4269-AD08-66A353C3646C}.AppStore|x64.ActiveCfg = Release|x64
		{AB5F2F47-C0DF-4269-AD08-66A353C3646C}.AppStore|x64.Build.0 = Release|x64
		{AB5F2F47-C0DF-4269-AD08-66A353C3646C}.AppStore|x64.Deploy.0 = Release|x64
		{AB5F2F47-C0DF-4269-AD08-66A353C3646C}.AppStore|x86.ActiveCfg = Release|x86
		{AB5F2F47-C0DF-4269-AD08-66A353C3646C}.AppStore|x86.Build.0 = Release|x86
		{AB5F2F47-C0DF-4269-AD08-66A353C3646C}.AppStore|x86.Deploy.0 = Release|x86
		{AB5F2F47-C0DF-4269-AD08-66A353C3646C}.Debug|Any CPU.ActiveCfg = Debug|x86
		{AB5F2F47-C0DF-4269-AD08-66A353C3646C}.Debug|ARM.ActiveCfg = Debug|ARM
		{AB5F2F47-C0DF-4269-AD08-66A353C3646C}.Debug|ARM.Build.0 = Debug|ARM
		{AB5F2F47-C0DF-4269-AD08-66A353C3646C}.Debug|ARM.Deploy.0 = Debug|ARM
		{AB5F2F47-C0DF-4269-AD08-66A353C3646C}.Debug|iPhone.ActiveCfg = Debug|x86
		{AB5F2F47-C0DF-4269-AD08-66A353C3646C}.Debug|iPhoneSimulator.ActiveCfg = Debug|x86
		{AB5F2F47-C0DF-4269-AD08-66A353C3646C}.Debug|x64.ActiveCfg = Debug|x64
		{AB5F2F47-C0DF-4269-AD08-66A353C3646C}.Debug|x64.Build.0 = Debug|x64
		{AB5F2F47-C0DF-4269-AD08-66A353C3646C}.Debug|x64.Deploy.0 = Debug|x64
		{AB5F2F47-C0DF-4269-AD08-66A353C3646C}.Debug|x86.ActiveCfg = Debug|x86
		{AB5F2F47-C0DF-4269-AD08-66A353C3646C}.Debug|x86.Build.0 = Debug|x86
		{AB5F2F47-C0DF-4269-AD08-66A353C3646C}.Debug|x86.Deploy.0 = Debug|x86
		{AB5F2F47-C0DF-4269-AD08-66A353C3646C}.Release|Any CPU.ActiveCfg = Release|x86
		{AB5F2F47-C0DF-4269-AD08-66A353C3646C}.Release|ARM.ActiveCfg = Release|ARM
		{AB5F2F47-C0DF-4269-AD08-66A353C3646C}.Release|ARM.Build.0 = Release|ARM
		{AB5F2F47-C0DF-4269-AD08-66A353C3646C}.Release|ARM.Deploy.0 = Release|ARM
		{AB5F2F47-C0DF-4269-AD08-66A353C3646C}.Release|iPhone.ActiveCfg = Release|x86
		{AB5F2F47-C0DF-4269-AD08-66A353C3646C}.Release|iPhoneSimulator.ActiveCfg = Release|x86
		{AB5F2F47-C0DF-4269-AD08-66A353C3646C}.Release|x64.ActiveCfg = Release|x64
		{AB5F2F47-C0DF-4269-AD08-66A353C3646C}.Release|x64.Build.0 = Release|x64
		{AB5F2F47-C0DF-4269-AD08-66A353C3646C}.Release|x64.Deploy.0 = Release|x64
		{AB5F2F47-C0DF-4269-AD08-66A353C3646C}.Release|x86.ActiveCfg = Release|x86
		{AB5F2F47-C0DF-4269-AD08-66A353C3646C}.Release|x86.Build.0 = Release|x86
		{AB5F2F47-C0DF-4269-AD08-66A353C3646C}.Release|x86.Deploy.0 = Release|x86
		{8AF8BDEB-F8D3-4186-91A3-56442E0B2617}.Ad-Hoc|Any CPU.ActiveCfg = Release|Any CPU
		{8AF8BDEB-F8D3-4186-91A3-56442E0B2617}.Ad-Hoc|Any CPU.Build.0 = Release|Any CPU
		{8AF8BDEB-F8D3-4186-91A3-56442E0B2617}.Ad-Hoc|ARM.ActiveCfg = Release|Any CPU
		{8AF8BDEB-F8D3-4186-91A3-56442E0B2617}.Ad-Hoc|ARM.Build.0 = Release|Any CPU
		{8AF8BDEB-F8D3-4186-91A3-56442E0B2617}.Ad-Hoc|iPhone.ActiveCfg = Release|Any CPU
		{8AF8BDEB-F8D3-4186-91A3-56442E0B2617}.Ad-Hoc|iPhone.Build.0 = Release|Any CPU
		{8AF8BDEB-F8D3-4186-91A3-56442E0B2617}.Ad-Hoc|iPhoneSimulator.ActiveCfg = Release|Any CPU
		{8AF8BDEB-F8D3-4186-91A3-56442E0B2617}.Ad-Hoc|iPhoneSimulator.Build.0 = Release|Any CPU
		{8AF8BDEB-F8D3-4186-91A3-56442E0B2617}.Ad-Hoc|x64.ActiveCfg = Release|Any CPU
		{8AF8BDEB-F8D3-4186-91A3-56442E0B2617}.Ad-Hoc|x64.Build.0 = Release|Any CPU
		{8AF8BDEB-F8D3-4186-91A3-56442E0B2617}.Ad-Hoc|x86.ActiveCfg = Release|Any CPU
		{8AF8BDEB-F8D3-4186-91A3-56442E0B2617}.Ad-Hoc|x86.Build.0 = Release|Any CPU
		{8AF8BDEB-F8D3-4186-91A3-56442E0B2617}.AppStore|Any CPU.ActiveCfg = Release|Any CPU
		{8AF8BDEB-F8D3-4186-91A3-56442E0B2617}.AppStore|Any CPU.Build.0 = Release|Any CPU
		{8AF8BDEB-F8D3-4186-91A3-56442E0B2617}.AppStore|ARM.ActiveCfg = Release|Any CPU
		{8AF8BDEB-F8D3-4186-91A3-56442E0B2617}.AppStore|ARM.Build.0 = Release|Any CPU
		{8AF8BDEB-F8D3-4186-91A3-56442E0B2617}.AppStore|iPhone.ActiveCfg = Release|Any CPU
		{8AF8BDEB-F8D3-4186-91A3-56442E0B2617}.AppStore|iPhone.Build.0 = Release|Any CPU
		{8AF8BDEB-F8D3-4186-91A3-56442E0B2617}.AppStore|iPhoneSimulator.ActiveCfg = Release|Any CPU
		{8AF8BDEB-F8D3-4186-91A3-56442E0B2617}.AppStore|iPhoneSimulator.Build.0 = Release|Any CPU
		{8AF8BDEB-F8D3-4186-91A3-56442E0B2617}.AppStore|x64.ActiveCfg = Release|Any CPU
		{8AF8BDEB-F8D3-4186-91A3-56442E0B2617}.AppStore|x64.Build.0 = Release|Any CPU
		{8AF8BDEB-F8D3-4186-91A3-56442E0B2617}.AppStore|x86.ActiveCfg = Release|Any CPU
		{8AF8BDEB-F8D3-4186-91A3-56442E0B2617}.AppStore|x86.Build.0 = Release|Any CPU
		{8AF8BDEB-F8D3-4186-91A3-56442E0B2617}.Debug|Any CPU.ActiveCfg = Debug|Any CPU
		{8AF8BDEB-F8D3-4186-91A3-56442E0B2617}.Debug|Any CPU.Build.0 = Debug|Any CPU
		{8AF8BDEB-F8D3-4186-91A3-56442E0B2617}.Debug|ARM.ActiveCfg = Debug|Any CPU
		{8AF8BDEB-F8D3-4186-91A3-56442E0B2617}.Debug|ARM.Build.0 = Debug|Any CPU
		{8AF8BDEB-F8D3-4186-91A3-56442E0B2617}.Debug|iPhone.ActiveCfg = Debug|Any CPU
		{8AF8BDEB-F8D3-4186-91A3-56442E0B2617}.Debug|iPhone.Build.0 = Debug|Any CPU
		{8AF8BDEB-F8D3-4186-91A3-56442E0B2617}.Debug|iPhoneSimulator.ActiveCfg = Debug|Any CPU
		{8AF8BDEB-F8D3-4186-91A3-56442E0B2617}.Debug|iPhoneSimulator.Build.0 = Debug|Any CPU
		{8AF8BDEB-F8D3-4186-91A3-56442E0B2617}.Debug|x64.ActiveCfg = Debug|Any CPU
		{8AF8BDEB-F8D3-4186-91A3-56442E0B2617}.Debug|x64.Build.0 = Debug|Any CPU
		{8AF8BDEB-F8D3-4186-91A3-56442E0B2617}.Debug|x86.ActiveCfg = Debug|Any CPU
		{8AF8BDEB-F8D3-4186-91A3-56442E0B2617}.Debug|x86.Build.0 = Debug|Any CPU
		{8AF8BDEB-F8D3-4186-91A3-56442E0B2617}.Release|Any CPU.ActiveCfg = Release|Any CPU
		{8AF8BDEB-F8D3-4186-91A3-56442E0B2617}.Release|Any CPU.Build.0 = Release|Any CPU
		{8AF8BDEB-F8D3-4186-91A3-56442E0B2617}.Release|ARM.ActiveCfg = Release|Any CPU
		{8AF8BDEB-F8D3-4186-91A3-56442E0B2617}.Release|ARM.Build.0 = Release|Any CPU
		{8AF8BDEB-F8D3-4186-91A3-56442E0B2617}.Release|iPhone.ActiveCfg = Release|Any CPU
		{8AF8BDEB-F8D3-4186-91A3-56442E0B2617}.Release|iPhone.Build.0 = Release|Any CPU
		{8AF8BDEB-F8D3-4186-91A3-56442E0B2617}.Release|iPhoneSimulator.ActiveCfg = Release|Any CPU
		{8AF8BDEB-F8D3-4186-91A3-56442E0B2617}.Release|iPhoneSimulator.Build.0 = Release|Any CPU
		{8AF8BDEB-F8D3-4186-91A3-56442E0B2617}.Release|x64.ActiveCfg = Release|Any CPU
		{8AF8BDEB-F8D3-4186-91A3-56442E0B2617}.Release|x64.Build.0 = Release|Any CPU
		{8AF8BDEB-F8D3-4186-91A3-56442E0B2617}.Release|x86.ActiveCfg = Release|Any CPU
		{8AF8BDEB-F8D3-4186-91A3-56442E0B2617}.Release|x86.Build.0 = Release|Any CPU
		{4B0FAE09-A724-48DA-973A-30D0369872FF}.Ad-Hoc|Any CPU.ActiveCfg = Release|Any CPU
		{4B0FAE09-A724-48DA-973A-30D0369872FF}.Ad-Hoc|Any CPU.Build.0 = Release|Any CPU
		{4B0FAE09-A724-48DA-973A-30D0369872FF}.Ad-Hoc|ARM.ActiveCfg = Release|Any CPU
		{4B0FAE09-A724-48DA-973A-30D0369872FF}.Ad-Hoc|ARM.Build.0 = Release|Any CPU
		{4B0FAE09-A724-48DA-973A-30D0369872FF}.Ad-Hoc|iPhone.ActiveCfg = Release|Any CPU
		{4B0FAE09-A724-48DA-973A-30D0369872FF}.Ad-Hoc|iPhone.Build.0 = Release|Any CPU
		{4B0FAE09-A724-48DA-973A-30D0369872FF}.Ad-Hoc|iPhoneSimulator.ActiveCfg = Release|Any CPU
		{4B0FAE09-A724-48DA-973A-30D0369872FF}.Ad-Hoc|iPhoneSimulator.Build.0 = Release|Any CPU
		{4B0FAE09-A724-48DA-973A-30D0369872FF}.Ad-Hoc|x64.ActiveCfg = Release|Any CPU
		{4B0FAE09-A724-48DA-973A-30D0369872FF}.Ad-Hoc|x64.Build.0 = Release|Any CPU
		{4B0FAE09-A724-48DA-973A-30D0369872FF}.Ad-Hoc|x86.ActiveCfg = Release|Any CPU
		{4B0FAE09-A724-48DA-973A-30D0369872FF}.Ad-Hoc|x86.Build.0 = Release|Any CPU
		{4B0FAE09-A724-48DA-973A-30D0369872FF}.AppStore|Any CPU.ActiveCfg = Release|Any CPU
		{4B0FAE09-A724-48DA-973A-30D0369872FF}.AppStore|Any CPU.Build.0 = Release|Any CPU
		{4B0FAE09-A724-48DA-973A-30D0369872FF}.AppStore|ARM.ActiveCfg = Release|Any CPU
		{4B0FAE09-A724-48DA-973A-30D0369872FF}.AppStore|ARM.Build.0 = Release|Any CPU
		{4B0FAE09-A724-48DA-973A-30D0369872FF}.AppStore|iPhone.ActiveCfg = Release|Any CPU
		{4B0FAE09-A724-48DA-973A-30D0369872FF}.AppStore|iPhone.Build.0 = Release|Any CPU
		{4B0FAE09-A724-48DA-973A-30D0369872FF}.AppStore|iPhoneSimulator.ActiveCfg = Release|Any CPU
		{4B0FAE09-A724-48DA-973A-30D0369872FF}.AppStore|iPhoneSimulator.Build.0 = Release|Any CPU
		{4B0FAE09-A724-48DA-973A-30D0369872FF}.AppStore|x64.ActiveCfg = Release|Any CPU
		{4B0FAE09-A724-48DA-973A-30D0369872FF}.AppStore|x64.Build.0 = Release|Any CPU
		{4B0FAE09-A724-48DA-973A-30D0369872FF}.AppStore|x86.ActiveCfg = Release|Any CPU
		{4B0FAE09-A724-48DA-973A-30D0369872FF}.AppStore|x86.Build.0 = Release|Any CPU
		{4B0FAE09-A724-48DA-973A-30D0369872FF}.Debug|Any CPU.ActiveCfg = Debug|Any CPU
		{4B0FAE09-A724-48DA-973A-30D0369872FF}.Debug|Any CPU.Build.0 = Debug|Any CPU
		{4B0FAE09-A724-48DA-973A-30D0369872FF}.Debug|ARM.ActiveCfg = Debug|Any CPU
		{4B0FAE09-A724-48DA-973A-30D0369872FF}.Debug|ARM.Build.0 = Debug|Any CPU
		{4B0FAE09-A724-48DA-973A-30D0369872FF}.Debug|iPhone.ActiveCfg = Debug|Any CPU
		{4B0FAE09-A724-48DA-973A-30D0369872FF}.Debug|iPhone.Build.0 = Debug|Any CPU
		{4B0FAE09-A724-48DA-973A-30D0369872FF}.Debug|iPhoneSimulator.ActiveCfg = Debug|Any CPU
		{4B0FAE09-A724-48DA-973A-30D0369872FF}.Debug|iPhoneSimulator.Build.0 = Debug|Any CPU
		{4B0FAE09-A724-48DA-973A-30D0369872FF}.Debug|x64.ActiveCfg = Debug|Any CPU
		{4B0FAE09-A724-48DA-973A-30D0369872FF}.Debug|x64.Build.0 = Debug|Any CPU
		{4B0FAE09-A724-48DA-973A-30D0369872FF}.Debug|x86.ActiveCfg = Debug|Any CPU
		{4B0FAE09-A724-48DA-973A-30D0369872FF}.Debug|x86.Build.0 = Debug|Any CPU
		{4B0FAE09-A724-48DA-973A-30D0369872FF}.Release|Any CPU.ActiveCfg = Release|Any CPU
		{4B0FAE09-A724-48DA-973A-30D0369872FF}.Release|Any CPU.Build.0 = Release|Any CPU
		{4B0FAE09-A724-48DA-973A-30D0369872FF}.Release|ARM.ActiveCfg = Release|Any CPU
		{4B0FAE09-A724-48DA-973A-30D0369872FF}.Release|ARM.Build.0 = Release|Any CPU
		{4B0FAE09-A724-48DA-973A-30D0369872FF}.Release|iPhone.ActiveCfg = Release|Any CPU
		{4B0FAE09-A724-48DA-973A-30D0369872FF}.Release|iPhone.Build.0 = Release|Any CPU
		{4B0FAE09-A724-48DA-973A-30D0369872FF}.Release|iPhoneSimulator.ActiveCfg = Release|Any CPU
		{4B0FAE09-A724-48DA-973A-30D0369872FF}.Release|iPhoneSimulator.Build.0 = Release|Any CPU
		{4B0FAE09-A724-48DA-973A-30D0369872FF}.Release|x64.ActiveCfg = Release|Any CPU
		{4B0FAE09-A724-48DA-973A-30D0369872FF}.Release|x64.Build.0 = Release|Any CPU
		{4B0FAE09-A724-48DA-973A-30D0369872FF}.Release|x86.ActiveCfg = Release|Any CPU
		{4B0FAE09-A724-48DA-973A-30D0369872FF}.Release|x86.Build.0 = Release|Any CPU
		{CAA2221F-F12D-471D-80D9-F973F4D4173E}.Ad-Hoc|Any CPU.ActiveCfg = Release|Any CPU
		{CAA2221F-F12D-471D-80D9-F973F4D4173E}.Ad-Hoc|Any CPU.Build.0 = Release|Any CPU
		{CAA2221F-F12D-471D-80D9-F973F4D4173E}.Ad-Hoc|ARM.ActiveCfg = Release|Any CPU
		{CAA2221F-F12D-471D-80D9-F973F4D4173E}.Ad-Hoc|ARM.Build.0 = Release|Any CPU
		{CAA2221F-F12D-471D-80D9-F973F4D4173E}.Ad-Hoc|iPhone.ActiveCfg = Release|Any CPU
		{CAA2221F-F12D-471D-80D9-F973F4D4173E}.Ad-Hoc|iPhone.Build.0 = Release|Any CPU
		{CAA2221F-F12D-471D-80D9-F973F4D4173E}.Ad-Hoc|iPhoneSimulator.ActiveCfg = Release|Any CPU
		{CAA2221F-F12D-471D-80D9-F973F4D4173E}.Ad-Hoc|iPhoneSimulator.Build.0 = Release|Any CPU
		{CAA2221F-F12D-471D-80D9-F973F4D4173E}.Ad-Hoc|x64.ActiveCfg = Release|Any CPU
		{CAA2221F-F12D-471D-80D9-F973F4D4173E}.Ad-Hoc|x64.Build.0 = Release|Any CPU
		{CAA2221F-F12D-471D-80D9-F973F4D4173E}.Ad-Hoc|x86.ActiveCfg = Release|Any CPU
		{CAA2221F-F12D-471D-80D9-F973F4D4173E}.Ad-Hoc|x86.Build.0 = Release|Any CPU
		{CAA2221F-F12D-471D-80D9-F973F4D4173E}.AppStore|Any CPU.ActiveCfg = Release|Any CPU
		{CAA2221F-F12D-471D-80D9-F973F4D4173E}.AppStore|Any CPU.Build.0 = Release|Any CPU
		{CAA2221F-F12D-471D-80D9-F973F4D4173E}.AppStore|ARM.ActiveCfg = Release|Any CPU
		{CAA2221F-F12D-471D-80D9-F973F4D4173E}.AppStore|ARM.Build.0 = Release|Any CPU
		{CAA2221F-F12D-471D-80D9-F973F4D4173E}.AppStore|iPhone.ActiveCfg = Release|Any CPU
		{CAA2221F-F12D-471D-80D9-F973F4D4173E}.AppStore|iPhone.Build.0 = Release|Any CPU
		{CAA2221F-F12D-471D-80D9-F973F4D4173E}.AppStore|iPhoneSimulator.ActiveCfg = Release|Any CPU
		{CAA2221F-F12D-471D-80D9-F973F4D4173E}.AppStore|iPhoneSimulator.Build.0 = Release|Any CPU
		{CAA2221F-F12D-471D-80D9-F973F4D4173E}.AppStore|x64.ActiveCfg = Release|Any CPU
		{CAA2221F-F12D-471D-80D9-F973F4D4173E}.AppStore|x64.Build.0 = Release|Any CPU
		{CAA2221F-F12D-471D-80D9-F973F4D4173E}.AppStore|x86.ActiveCfg = Release|Any CPU
		{CAA2221F-F12D-471D-80D9-F973F4D4173E}.AppStore|x86.Build.0 = Release|Any CPU
		{CAA2221F-F12D-471D-80D9-F973F4D4173E}.Debug|Any CPU.ActiveCfg = Debug|Any CPU
		{CAA2221F-F12D-471D-80D9-F973F4D4173E}.Debug|Any CPU.Build.0 = Debug|Any CPU
		{CAA2221F-F12D-471D-80D9-F973F4D4173E}.Debug|Any CPU.Deploy.0 = Debug|Any CPU
		{CAA2221F-F12D-471D-80D9-F973F4D4173E}.Debug|ARM.ActiveCfg = Debug|Any CPU
		{CAA2221F-F12D-471D-80D9-F973F4D4173E}.Debug|ARM.Build.0 = Debug|Any CPU
		{CAA2221F-F12D-471D-80D9-F973F4D4173E}.Debug|iPhone.ActiveCfg = Debug|Any CPU
		{CAA2221F-F12D-471D-80D9-F973F4D4173E}.Debug|iPhone.Build.0 = Debug|Any CPU
		{CAA2221F-F12D-471D-80D9-F973F4D4173E}.Debug|iPhoneSimulator.ActiveCfg = Debug|Any CPU
		{CAA2221F-F12D-471D-80D9-F973F4D4173E}.Debug|iPhoneSimulator.Build.0 = Debug|Any CPU
		{CAA2221F-F12D-471D-80D9-F973F4D4173E}.Debug|x64.ActiveCfg = Debug|Any CPU
		{CAA2221F-F12D-471D-80D9-F973F4D4173E}.Debug|x64.Build.0 = Debug|Any CPU
		{CAA2221F-F12D-471D-80D9-F973F4D4173E}.Debug|x86.ActiveCfg = Debug|Any CPU
		{CAA2221F-F12D-471D-80D9-F973F4D4173E}.Debug|x86.Build.0 = Debug|Any CPU
		{CAA2221F-F12D-471D-80D9-F973F4D4173E}.Release|Any CPU.ActiveCfg = Release|Any CPU
		{CAA2221F-F12D-471D-80D9-F973F4D4173E}.Release|Any CPU.Build.0 = Release|Any CPU
		{CAA2221F-F12D-471D-80D9-F973F4D4173E}.Release|Any CPU.Deploy.0 = Release|Any CPU
		{CAA2221F-F12D-471D-80D9-F973F4D4173E}.Release|ARM.ActiveCfg = Release|Any CPU
		{CAA2221F-F12D-471D-80D9-F973F4D4173E}.Release|ARM.Build.0 = Release|Any CPU
		{CAA2221F-F12D-471D-80D9-F973F4D4173E}.Release|iPhone.ActiveCfg = Release|Any CPU
		{CAA2221F-F12D-471D-80D9-F973F4D4173E}.Release|iPhone.Build.0 = Release|Any CPU
		{CAA2221F-F12D-471D-80D9-F973F4D4173E}.Release|iPhoneSimulator.ActiveCfg = Release|Any CPU
		{CAA2221F-F12D-471D-80D9-F973F4D4173E}.Release|iPhoneSimulator.Build.0 = Release|Any CPU
		{CAA2221F-F12D-471D-80D9-F973F4D4173E}.Release|x64.ActiveCfg = Release|Any CPU
		{CAA2221F-F12D-471D-80D9-F973F4D4173E}.Release|x64.Build.0 = Release|Any CPU
		{CAA2221F-F12D-471D-80D9-F973F4D4173E}.Release|x86.ActiveCfg = Release|Any CPU
		{CAA2221F-F12D-471D-80D9-F973F4D4173E}.Release|x86.Build.0 = Release|Any CPU
		{214D2C58-10C1-4D80-B583-22BD42665A54}.Ad-Hoc|Any CPU.ActiveCfg = Release|Any CPU
		{214D2C58-10C1-4D80-B583-22BD42665A54}.Ad-Hoc|Any CPU.Build.0 = Release|Any CPU
		{214D2C58-10C1-4D80-B583-22BD42665A54}.Ad-Hoc|ARM.ActiveCfg = Release|Any CPU
		{214D2C58-10C1-4D80-B583-22BD42665A54}.Ad-Hoc|ARM.Build.0 = Release|Any CPU
		{214D2C58-10C1-4D80-B583-22BD42665A54}.Ad-Hoc|iPhone.ActiveCfg = Release|Any CPU
		{214D2C58-10C1-4D80-B583-22BD42665A54}.Ad-Hoc|iPhone.Build.0 = Release|Any CPU
		{214D2C58-10C1-4D80-B583-22BD42665A54}.Ad-Hoc|iPhoneSimulator.ActiveCfg = Release|Any CPU
		{214D2C58-10C1-4D80-B583-22BD42665A54}.Ad-Hoc|iPhoneSimulator.Build.0 = Release|Any CPU
		{214D2C58-10C1-4D80-B583-22BD42665A54}.Ad-Hoc|x64.ActiveCfg = Release|Any CPU
		{214D2C58-10C1-4D80-B583-22BD42665A54}.Ad-Hoc|x64.Build.0 = Release|Any CPU
		{214D2C58-10C1-4D80-B583-22BD42665A54}.Ad-Hoc|x86.ActiveCfg = Release|Any CPU
		{214D2C58-10C1-4D80-B583-22BD42665A54}.Ad-Hoc|x86.Build.0 = Release|Any CPU
		{214D2C58-10C1-4D80-B583-22BD42665A54}.AppStore|Any CPU.ActiveCfg = Release|Any CPU
		{214D2C58-10C1-4D80-B583-22BD42665A54}.AppStore|Any CPU.Build.0 = Release|Any CPU
		{214D2C58-10C1-4D80-B583-22BD42665A54}.AppStore|ARM.ActiveCfg = Release|Any CPU
		{214D2C58-10C1-4D80-B583-22BD42665A54}.AppStore|ARM.Build.0 = Release|Any CPU
		{214D2C58-10C1-4D80-B583-22BD42665A54}.AppStore|iPhone.ActiveCfg = Release|Any CPU
		{214D2C58-10C1-4D80-B583-22BD42665A54}.AppStore|iPhone.Build.0 = Release|Any CPU
		{214D2C58-10C1-4D80-B583-22BD42665A54}.AppStore|iPhoneSimulator.ActiveCfg = Release|Any CPU
		{214D2C58-10C1-4D80-B583-22BD42665A54}.AppStore|iPhoneSimulator.Build.0 = Release|Any CPU
		{214D2C58-10C1-4D80-B583-22BD42665A54}.AppStore|x64.ActiveCfg = Release|Any CPU
		{214D2C58-10C1-4D80-B583-22BD42665A54}.AppStore|x64.Build.0 = Release|Any CPU
		{214D2C58-10C1-4D80-B583-22BD42665A54}.AppStore|x86.ActiveCfg = Release|Any CPU
		{214D2C58-10C1-4D80-B583-22BD42665A54}.AppStore|x86.Build.0 = Release|Any CPU
		{214D2C58-10C1-4D80-B583-22BD42665A54}.Debug|Any CPU.ActiveCfg = Debug|Any CPU
		{214D2C58-10C1-4D80-B583-22BD42665A54}.Debug|Any CPU.Build.0 = Debug|Any CPU
		{214D2C58-10C1-4D80-B583-22BD42665A54}.Debug|ARM.ActiveCfg = Debug|Any CPU
		{214D2C58-10C1-4D80-B583-22BD42665A54}.Debug|ARM.Build.0 = Debug|Any CPU
		{214D2C58-10C1-4D80-B583-22BD42665A54}.Debug|iPhone.ActiveCfg = Debug|Any CPU
		{214D2C58-10C1-4D80-B583-22BD42665A54}.Debug|iPhone.Build.0 = Debug|Any CPU
		{214D2C58-10C1-4D80-B583-22BD42665A54}.Debug|iPhoneSimulator.ActiveCfg = Debug|Any CPU
		{214D2C58-10C1-4D80-B583-22BD42665A54}.Debug|iPhoneSimulator.Build.0 = Debug|Any CPU
		{214D2C58-10C1-4D80-B583-22BD42665A54}.Debug|x64.ActiveCfg = Debug|Any CPU
		{214D2C58-10C1-4D80-B583-22BD42665A54}.Debug|x64.Build.0 = Debug|Any CPU
		{214D2C58-10C1-4D80-B583-22BD42665A54}.Debug|x86.ActiveCfg = Debug|Any CPU
		{214D2C58-10C1-4D80-B583-22BD42665A54}.Debug|x86.Build.0 = Debug|Any CPU
		{214D2C58-10C1-4D80-B583-22BD42665A54}.Release|Any CPU.ActiveCfg = Release|Any CPU
		{214D2C58-10C1-4D80-B583-22BD42665A54}.Release|Any CPU.Build.0 = Release|Any CPU
		{214D2C58-10C1-4D80-B583-22BD42665A54}.Release|ARM.ActiveCfg = Release|Any CPU
		{214D2C58-10C1-4D80-B583-22BD42665A54}.Release|ARM.Build.0 = Release|Any CPU
		{214D2C58-10C1-4D80-B583-22BD42665A54}.Release|iPhone.ActiveCfg = Release|Any CPU
		{214D2C58-10C1-4D80-B583-22BD42665A54}.Release|iPhone.Build.0 = Release|Any CPU
		{214D2C58-10C1-4D80-B583-22BD42665A54}.Release|iPhoneSimulator.ActiveCfg = Release|Any CPU
		{214D2C58-10C1-4D80-B583-22BD42665A54}.Release|iPhoneSimulator.Build.0 = Release|Any CPU
		{214D2C58-10C1-4D80-B583-22BD42665A54}.Release|x64.ActiveCfg = Release|Any CPU
		{214D2C58-10C1-4D80-B583-22BD42665A54}.Release|x64.Build.0 = Release|Any CPU
		{214D2C58-10C1-4D80-B583-22BD42665A54}.Release|x86.ActiveCfg = Release|Any CPU
		{214D2C58-10C1-4D80-B583-22BD42665A54}.Release|x86.Build.0 = Release|Any CPU
		{BBDDA97D-69B1-4D33-A3E9-050F9138A67B}.Ad-Hoc|Any CPU.ActiveCfg = Release|x64
		{BBDDA97D-69B1-4D33-A3E9-050F9138A67B}.Ad-Hoc|Any CPU.Build.0 = Release|x64
		{BBDDA97D-69B1-4D33-A3E9-050F9138A67B}.Ad-Hoc|Any CPU.Deploy.0 = Release|x64
		{BBDDA97D-69B1-4D33-A3E9-050F9138A67B}.Ad-Hoc|ARM.ActiveCfg = Release|ARM
		{BBDDA97D-69B1-4D33-A3E9-050F9138A67B}.Ad-Hoc|ARM.Build.0 = Release|ARM
		{BBDDA97D-69B1-4D33-A3E9-050F9138A67B}.Ad-Hoc|ARM.Deploy.0 = Release|ARM
		{BBDDA97D-69B1-4D33-A3E9-050F9138A67B}.Ad-Hoc|ARM64.ActiveCfg = Release|ARM64
		{BBDDA97D-69B1-4D33-A3E9-050F9138A67B}.Ad-Hoc|ARM64.Build.0 = Release|ARM64
		{BBDDA97D-69B1-4D33-A3E9-050F9138A67B}.Ad-Hoc|ARM64.Deploy.0 = Release|ARM64
		{BBDDA97D-69B1-4D33-A3E9-050F9138A67B}.Ad-Hoc|iPhone.ActiveCfg = Release|x64
		{BBDDA97D-69B1-4D33-A3E9-050F9138A67B}.Ad-Hoc|iPhone.Build.0 = Release|x64
		{BBDDA97D-69B1-4D33-A3E9-050F9138A67B}.Ad-Hoc|iPhone.Deploy.0 = Release|x64
		{BBDDA97D-69B1-4D33-A3E9-050F9138A67B}.Ad-Hoc|iPhoneSimulator.ActiveCfg = Release|x64
		{BBDDA97D-69B1-4D33-A3E9-050F9138A67B}.Ad-Hoc|iPhoneSimulator.Build.0 = Release|x64
		{BBDDA97D-69B1-4D33-A3E9-050F9138A67B}.Ad-Hoc|iPhoneSimulator.Deploy.0 = Release|x64
		{BBDDA97D-69B1-4D33-A3E9-050F9138A67B}.Ad-Hoc|x64.ActiveCfg = Release|x64
		{BBDDA97D-69B1-4D33-A3E9-050F9138A67B}.Ad-Hoc|x64.Build.0 = Release|x64
		{BBDDA97D-69B1-4D33-A3E9-050F9138A67B}.Ad-Hoc|x64.Deploy.0 = Release|x64
		{BBDDA97D-69B1-4D33-A3E9-050F9138A67B}.Ad-Hoc|x86.ActiveCfg = Release|x86
		{BBDDA97D-69B1-4D33-A3E9-050F9138A67B}.Ad-Hoc|x86.Build.0 = Release|x86
		{BBDDA97D-69B1-4D33-A3E9-050F9138A67B}.Ad-Hoc|x86.Deploy.0 = Release|x86
		{BBDDA97D-69B1-4D33-A3E9-050F9138A67B}.AppStore|Any CPU.ActiveCfg = Release|x64
		{BBDDA97D-69B1-4D33-A3E9-050F9138A67B}.AppStore|Any CPU.Build.0 = Release|x64
		{BBDDA97D-69B1-4D33-A3E9-050F9138A67B}.AppStore|Any CPU.Deploy.0 = Release|x64
		{BBDDA97D-69B1-4D33-A3E9-050F9138A67B}.AppStore|ARM.ActiveCfg = Release|ARM
		{BBDDA97D-69B1-4D33-A3E9-050F9138A67B}.AppStore|ARM.Build.0 = Release|ARM
		{BBDDA97D-69B1-4D33-A3E9-050F9138A67B}.AppStore|ARM.Deploy.0 = Release|ARM
		{BBDDA97D-69B1-4D33-A3E9-050F9138A67B}.AppStore|ARM64.ActiveCfg = Release|ARM64
		{BBDDA97D-69B1-4D33-A3E9-050F9138A67B}.AppStore|ARM64.Build.0 = Release|ARM64
		{BBDDA97D-69B1-4D33-A3E9-050F9138A67B}.AppStore|ARM64.Deploy.0 = Release|ARM64
		{BBDDA97D-69B1-4D33-A3E9-050F9138A67B}.AppStore|iPhone.ActiveCfg = Release|x64
		{BBDDA97D-69B1-4D33-A3E9-050F9138A67B}.AppStore|iPhone.Build.0 = Release|x64
		{BBDDA97D-69B1-4D33-A3E9-050F9138A67B}.AppStore|iPhone.Deploy.0 = Release|x64
		{BBDDA97D-69B1-4D33-A3E9-050F9138A67B}.AppStore|iPhoneSimulator.ActiveCfg = Release|x64
		{BBDDA97D-69B1-4D33-A3E9-050F9138A67B}.AppStore|iPhoneSimulator.Build.0 = Release|x64
		{BBDDA97D-69B1-4D33-A3E9-050F9138A67B}.AppStore|iPhoneSimulator.Deploy.0 = Release|x64
		{BBDDA97D-69B1-4D33-A3E9-050F9138A67B}.AppStore|x64.ActiveCfg = Release|x64
		{BBDDA97D-69B1-4D33-A3E9-050F9138A67B}.AppStore|x64.Build.0 = Release|x64
		{BBDDA97D-69B1-4D33-A3E9-050F9138A67B}.AppStore|x64.Deploy.0 = Release|x64
		{BBDDA97D-69B1-4D33-A3E9-050F9138A67B}.AppStore|x86.ActiveCfg = Release|x86
		{BBDDA97D-69B1-4D33-A3E9-050F9138A67B}.AppStore|x86.Build.0 = Release|x86
		{BBDDA97D-69B1-4D33-A3E9-050F9138A67B}.AppStore|x86.Deploy.0 = Release|x86
		{BBDDA97D-69B1-4D33-A3E9-050F9138A67B}.Debug|Any CPU.ActiveCfg = Debug|x86
		{BBDDA97D-69B1-4D33-A3E9-050F9138A67B}.Debug|ARM.ActiveCfg = Debug|ARM
		{BBDDA97D-69B1-4D33-A3E9-050F9138A67B}.Debug|ARM.Build.0 = Debug|ARM
		{BBDDA97D-69B1-4D33-A3E9-050F9138A67B}.Debug|ARM.Deploy.0 = Debug|ARM
		{BBDDA97D-69B1-4D33-A3E9-050F9138A67B}.Debug|ARM64.ActiveCfg = Debug|ARM64
		{BBDDA97D-69B1-4D33-A3E9-050F9138A67B}.Debug|ARM64.Build.0 = Debug|ARM64
		{BBDDA97D-69B1-4D33-A3E9-050F9138A67B}.Debug|ARM64.Deploy.0 = Debug|ARM64
		{BBDDA97D-69B1-4D33-A3E9-050F9138A67B}.Debug|iPhone.ActiveCfg = Debug|x86
		{BBDDA97D-69B1-4D33-A3E9-050F9138A67B}.Debug|iPhoneSimulator.ActiveCfg = Debug|x86
		{BBDDA97D-69B1-4D33-A3E9-050F9138A67B}.Debug|x64.ActiveCfg = Debug|x64
		{BBDDA97D-69B1-4D33-A3E9-050F9138A67B}.Debug|x64.Build.0 = Debug|x64
		{BBDDA97D-69B1-4D33-A3E9-050F9138A67B}.Debug|x64.Deploy.0 = Debug|x64
		{BBDDA97D-69B1-4D33-A3E9-050F9138A67B}.Debug|x86.ActiveCfg = Debug|x86
		{BBDDA97D-69B1-4D33-A3E9-050F9138A67B}.Debug|x86.Build.0 = Debug|x86
		{BBDDA97D-69B1-4D33-A3E9-050F9138A67B}.Debug|x86.Deploy.0 = Debug|x86
		{BBDDA97D-69B1-4D33-A3E9-050F9138A67B}.Release|Any CPU.ActiveCfg = Release|x86
		{BBDDA97D-69B1-4D33-A3E9-050F9138A67B}.Release|ARM.ActiveCfg = Release|ARM
		{BBDDA97D-69B1-4D33-A3E9-050F9138A67B}.Release|ARM.Build.0 = Release|ARM
		{BBDDA97D-69B1-4D33-A3E9-050F9138A67B}.Release|ARM.Deploy.0 = Release|ARM
		{BBDDA97D-69B1-4D33-A3E9-050F9138A67B}.Release|ARM64.ActiveCfg = Release|ARM64
		{BBDDA97D-69B1-4D33-A3E9-050F9138A67B}.Release|ARM64.Build.0 = Release|ARM64
		{BBDDA97D-69B1-4D33-A3E9-050F9138A67B}.Release|ARM64.Deploy.0 = Release|ARM64
		{BBDDA97D-69B1-4D33-A3E9-050F9138A67B}.Release|iPhone.ActiveCfg = Release|x86
		{BBDDA97D-69B1-4D33-A3E9-050F9138A67B}.Release|iPhoneSimulator.ActiveCfg = Release|x86
		{BBDDA97D-69B1-4D33-A3E9-050F9138A67B}.Release|x64.ActiveCfg = Release|x64
		{BBDDA97D-69B1-4D33-A3E9-050F9138A67B}.Release|x64.Build.0 = Release|x64
		{BBDDA97D-69B1-4D33-A3E9-050F9138A67B}.Release|x64.Deploy.0 = Release|x64
		{BBDDA97D-69B1-4D33-A3E9-050F9138A67B}.Release|x86.ActiveCfg = Release|x86
		{BBDDA97D-69B1-4D33-A3E9-050F9138A67B}.Release|x86.Build.0 = Release|x86
		{BBDDA97D-69B1-4D33-A3E9-050F9138A67B}.Release|x86.Deploy.0 = Release|x86
		{749A68C8-A0EC-41D8-A166-48494FE497ED}.Ad-Hoc|Any CPU.ActiveCfg = Release|Any CPU
		{749A68C8-A0EC-41D8-A166-48494FE497ED}.Ad-Hoc|Any CPU.Build.0 = Release|Any CPU
		{749A68C8-A0EC-41D8-A166-48494FE497ED}.Ad-Hoc|ARM.ActiveCfg = Release|Any CPU
		{749A68C8-A0EC-41D8-A166-48494FE497ED}.Ad-Hoc|ARM.Build.0 = Release|Any CPU
		{749A68C8-A0EC-41D8-A166-48494FE497ED}.Ad-Hoc|iPhone.ActiveCfg = Release|Any CPU
		{749A68C8-A0EC-41D8-A166-48494FE497ED}.Ad-Hoc|iPhone.Build.0 = Release|Any CPU
		{749A68C8-A0EC-41D8-A166-48494FE497ED}.Ad-Hoc|iPhoneSimulator.ActiveCfg = Release|Any CPU
		{749A68C8-A0EC-41D8-A166-48494FE497ED}.Ad-Hoc|iPhoneSimulator.Build.0 = Release|Any CPU
		{749A68C8-A0EC-41D8-A166-48494FE497ED}.Ad-Hoc|x64.ActiveCfg = Release|Any CPU
		{749A68C8-A0EC-41D8-A166-48494FE497ED}.Ad-Hoc|x64.Build.0 = Release|Any CPU
		{749A68C8-A0EC-41D8-A166-48494FE497ED}.Ad-Hoc|x86.ActiveCfg = Release|Any CPU
		{749A68C8-A0EC-41D8-A166-48494FE497ED}.Ad-Hoc|x86.Build.0 = Release|Any CPU
		{749A68C8-A0EC-41D8-A166-48494FE497ED}.AppStore|Any CPU.ActiveCfg = Release|Any CPU
		{749A68C8-A0EC-41D8-A166-48494FE497ED}.AppStore|Any CPU.Build.0 = Release|Any CPU
		{749A68C8-A0EC-41D8-A166-48494FE497ED}.AppStore|ARM.ActiveCfg = Release|Any CPU
		{749A68C8-A0EC-41D8-A166-48494FE497ED}.AppStore|ARM.Build.0 = Release|Any CPU
		{749A68C8-A0EC-41D8-A166-48494FE497ED}.AppStore|iPhone.ActiveCfg = Release|Any CPU
		{749A68C8-A0EC-41D8-A166-48494FE497ED}.AppStore|iPhone.Build.0 = Release|Any CPU
		{749A68C8-A0EC-41D8-A166-48494FE497ED}.AppStore|iPhoneSimulator.ActiveCfg = Release|Any CPU
		{749A68C8-A0EC-41D8-A166-48494FE497ED}.AppStore|iPhoneSimulator.Build.0 = Release|Any CPU
		{749A68C8-A0EC-41D8-A166-48494FE497ED}.AppStore|x64.ActiveCfg = Release|Any CPU
		{749A68C8-A0EC-41D8-A166-48494FE497ED}.AppStore|x64.Build.0 = Release|Any CPU
		{749A68C8-A0EC-41D8-A166-48494FE497ED}.AppStore|x86.ActiveCfg = Release|Any CPU
		{749A68C8-A0EC-41D8-A166-48494FE497ED}.AppStore|x86.Build.0 = Release|Any CPU
		{749A68C8-A0EC-41D8-A166-48494FE497ED}.Debug|Any CPU.ActiveCfg = Debug|Any CPU
		{749A68C8-A0EC-41D8-A166-48494FE497ED}.Debug|Any CPU.Build.0 = Debug|Any CPU
		{749A68C8-A0EC-41D8-A166-48494FE497ED}.Debug|ARM.ActiveCfg = Debug|Any CPU
		{749A68C8-A0EC-41D8-A166-48494FE497ED}.Debug|ARM.Build.0 = Debug|Any CPU
		{749A68C8-A0EC-41D8-A166-48494FE497ED}.Debug|iPhone.ActiveCfg = Debug|Any CPU
		{749A68C8-A0EC-41D8-A166-48494FE497ED}.Debug|iPhone.Build.0 = Debug|Any CPU
		{749A68C8-A0EC-41D8-A166-48494FE497ED}.Debug|iPhoneSimulator.ActiveCfg = Debug|Any CPU
		{749A68C8-A0EC-41D8-A166-48494FE497ED}.Debug|iPhoneSimulator.Build.0 = Debug|Any CPU
		{749A68C8-A0EC-41D8-A166-48494FE497ED}.Debug|x64.ActiveCfg = Debug|Any CPU
		{749A68C8-A0EC-41D8-A166-48494FE497ED}.Debug|x64.Build.0 = Debug|Any CPU
		{749A68C8-A0EC-41D8-A166-48494FE497ED}.Debug|x86.ActiveCfg = Debug|Any CPU
		{749A68C8-A0EC-41D8-A166-48494FE497ED}.Debug|x86.Build.0 = Debug|Any CPU
		{749A68C8-A0EC-41D8-A166-48494FE497ED}.Release|Any CPU.ActiveCfg = Release|Any CPU
		{749A68C8-A0EC-41D8-A166-48494FE497ED}.Release|Any CPU.Build.0 = Release|Any CPU
		{749A68C8-A0EC-41D8-A166-48494FE497ED}.Release|ARM.ActiveCfg = Release|Any CPU
		{749A68C8-A0EC-41D8-A166-48494FE497ED}.Release|ARM.Build.0 = Release|Any CPU
		{749A68C8-A0EC-41D8-A166-48494FE497ED}.Release|iPhone.ActiveCfg = Release|Any CPU
		{749A68C8-A0EC-41D8-A166-48494FE497ED}.Release|iPhone.Build.0 = Release|Any CPU
		{749A68C8-A0EC-41D8-A166-48494FE497ED}.Release|iPhoneSimulator.ActiveCfg = Release|Any CPU
		{749A68C8-A0EC-41D8-A166-48494FE497ED}.Release|iPhoneSimulator.Build.0 = Release|Any CPU
		{749A68C8-A0EC-41D8-A166-48494FE497ED}.Release|x64.ActiveCfg = Release|Any CPU
		{749A68C8-A0EC-41D8-A166-48494FE497ED}.Release|x64.Build.0 = Release|Any CPU
		{749A68C8-A0EC-41D8-A166-48494FE497ED}.Release|x86.ActiveCfg = Release|Any CPU
		{749A68C8-A0EC-41D8-A166-48494FE497ED}.Release|x86.Build.0 = Release|Any CPU
		{D938670E-D7D1-421F-96E2-F7381C80E74E}.Ad-Hoc|Any CPU.ActiveCfg = Release|Any CPU
		{D938670E-D7D1-421F-96E2-F7381C80E74E}.Ad-Hoc|Any CPU.Build.0 = Release|Any CPU
		{D938670E-D7D1-421F-96E2-F7381C80E74E}.Ad-Hoc|ARM.ActiveCfg = Release|Any CPU
		{D938670E-D7D1-421F-96E2-F7381C80E74E}.Ad-Hoc|ARM.Build.0 = Release|Any CPU
		{D938670E-D7D1-421F-96E2-F7381C80E74E}.Ad-Hoc|iPhone.ActiveCfg = Release|Any CPU
		{D938670E-D7D1-421F-96E2-F7381C80E74E}.Ad-Hoc|iPhone.Build.0 = Release|Any CPU
		{D938670E-D7D1-421F-96E2-F7381C80E74E}.Ad-Hoc|iPhoneSimulator.ActiveCfg = Release|Any CPU
		{D938670E-D7D1-421F-96E2-F7381C80E74E}.Ad-Hoc|iPhoneSimulator.Build.0 = Release|Any CPU
		{D938670E-D7D1-421F-96E2-F7381C80E74E}.Ad-Hoc|x64.ActiveCfg = Release|Any CPU
		{D938670E-D7D1-421F-96E2-F7381C80E74E}.Ad-Hoc|x64.Build.0 = Release|Any CPU
		{D938670E-D7D1-421F-96E2-F7381C80E74E}.Ad-Hoc|x86.ActiveCfg = Release|Any CPU
		{D938670E-D7D1-421F-96E2-F7381C80E74E}.Ad-Hoc|x86.Build.0 = Release|Any CPU
		{D938670E-D7D1-421F-96E2-F7381C80E74E}.AppStore|Any CPU.ActiveCfg = Release|Any CPU
		{D938670E-D7D1-421F-96E2-F7381C80E74E}.AppStore|Any CPU.Build.0 = Release|Any CPU
		{D938670E-D7D1-421F-96E2-F7381C80E74E}.AppStore|ARM.ActiveCfg = Release|Any CPU
		{D938670E-D7D1-421F-96E2-F7381C80E74E}.AppStore|ARM.Build.0 = Release|Any CPU
		{D938670E-D7D1-421F-96E2-F7381C80E74E}.AppStore|iPhone.ActiveCfg = Release|Any CPU
		{D938670E-D7D1-421F-96E2-F7381C80E74E}.AppStore|iPhone.Build.0 = Release|Any CPU
		{D938670E-D7D1-421F-96E2-F7381C80E74E}.AppStore|iPhoneSimulator.ActiveCfg = Release|Any CPU
		{D938670E-D7D1-421F-96E2-F7381C80E74E}.AppStore|iPhoneSimulator.Build.0 = Release|Any CPU
		{D938670E-D7D1-421F-96E2-F7381C80E74E}.AppStore|x64.ActiveCfg = Release|Any CPU
		{D938670E-D7D1-421F-96E2-F7381C80E74E}.AppStore|x64.Build.0 = Release|Any CPU
		{D938670E-D7D1-421F-96E2-F7381C80E74E}.AppStore|x86.ActiveCfg = Release|Any CPU
		{D938670E-D7D1-421F-96E2-F7381C80E74E}.AppStore|x86.Build.0 = Release|Any CPU
		{D938670E-D7D1-421F-96E2-F7381C80E74E}.Debug|Any CPU.ActiveCfg = Debug|Any CPU
		{D938670E-D7D1-421F-96E2-F7381C80E74E}.Debug|Any CPU.Build.0 = Debug|Any CPU
		{D938670E-D7D1-421F-96E2-F7381C80E74E}.Debug|ARM.ActiveCfg = Debug|Any CPU
		{D938670E-D7D1-421F-96E2-F7381C80E74E}.Debug|ARM.Build.0 = Debug|Any CPU
		{D938670E-D7D1-421F-96E2-F7381C80E74E}.Debug|iPhone.ActiveCfg = Debug|Any CPU
		{D938670E-D7D1-421F-96E2-F7381C80E74E}.Debug|iPhone.Build.0 = Debug|Any CPU
		{D938670E-D7D1-421F-96E2-F7381C80E74E}.Debug|iPhoneSimulator.ActiveCfg = Debug|Any CPU
		{D938670E-D7D1-421F-96E2-F7381C80E74E}.Debug|iPhoneSimulator.Build.0 = Debug|Any CPU
		{D938670E-D7D1-421F-96E2-F7381C80E74E}.Debug|x64.ActiveCfg = Debug|Any CPU
		{D938670E-D7D1-421F-96E2-F7381C80E74E}.Debug|x64.Build.0 = Debug|Any CPU
		{D938670E-D7D1-421F-96E2-F7381C80E74E}.Debug|x86.ActiveCfg = Debug|Any CPU
		{D938670E-D7D1-421F-96E2-F7381C80E74E}.Debug|x86.Build.0 = Debug|Any CPU
		{D938670E-D7D1-421F-96E2-F7381C80E74E}.Release|Any CPU.ActiveCfg = Release|Any CPU
		{D938670E-D7D1-421F-96E2-F7381C80E74E}.Release|Any CPU.Build.0 = Release|Any CPU
		{D938670E-D7D1-421F-96E2-F7381C80E74E}.Release|ARM.ActiveCfg = Release|Any CPU
		{D938670E-D7D1-421F-96E2-F7381C80E74E}.Release|ARM.Build.0 = Release|Any CPU
		{D938670E-D7D1-421F-96E2-F7381C80E74E}.Release|iPhone.ActiveCfg = Release|Any CPU
		{D938670E-D7D1-421F-96E2-F7381C80E74E}.Release|iPhone.Build.0 = Release|Any CPU
		{D938670E-D7D1-421F-96E2-F7381C80E74E}.Release|iPhoneSimulator.ActiveCfg = Release|Any CPU
		{D938670E-D7D1-421F-96E2-F7381C80E74E}.Release|iPhoneSimulator.Build.0 = Release|Any CPU
		{D938670E-D7D1-421F-96E2-F7381C80E74E}.Release|x64.ActiveCfg = Release|Any CPU
		{D938670E-D7D1-421F-96E2-F7381C80E74E}.Release|x64.Build.0 = Release|Any CPU
		{D938670E-D7D1-421F-96E2-F7381C80E74E}.Release|x86.ActiveCfg = Release|Any CPU
		{D938670E-D7D1-421F-96E2-F7381C80E74E}.Release|x86.Build.0 = Release|Any CPU
	EndGlobalSection
	GlobalSection(SolutionProperties) = preSolution
		HideSolutionNode = FALSE
	EndGlobalSection
	GlobalSection(ExtensibilityGlobals) = postSolution
		SolutionGuid = {F6D05029-56B8-4E45-AF2D-0E76295DDBA2}
	EndGlobalSection
EndGlobal
